# This file is automatically @generated by Cargo.
# It is not intended for manual editing.
version = 4

[[package]]
name = "use-average"
version = "0.0.1"

[[package]]
name = "use-correlation"
version = "0.0.1"

[[package]]
name = "use-distribution"
version = "0.0.1"

[[package]]
name = "use-percentile"
version = "0.0.1"

[[package]]
name = "use-standard-deviation"
version = "0.0.1"

[[package]]
name = "use-stats"
version = "0.0.1"
dependencies = [
 "use-average",
 "use-correlation",
 "use-distribution",
 "use-percentile",
 "use-standard-deviation",
 "use-variance",
 "use-z-score",
]

[[package]]
name = "use-variance"
version = "0.0.1"

[[package]]
name = "use-z-score"
version = "0.0.1"
